
Microsoft Visual Studio Solution File, Format Version 12.00
# Visual Studio Version 16
VisualStudioVersion = 16.0.31829.152
MinimumVisualStudioVersion = 10.0.40219.1
Project("{FAE04EC0-301F-11D3-BF4B-00C04F79EFBC}") = "BankApp", "BankApp\BankApp.csproj", "{44B126EE-D296-4E13-8AF1-9D2B5B8CE146}"
EndProject
Global
	GlobalSection(SolutionConfigurationPlatforms) = preSolution
		Debug|Any CPU = Debug|Any CPU
		Release|Any CPU = Release|Any CPU
	EndGlobalSection
	GlobalSection(ProjectConfigurationPlatforms) = postSolution
		{44B126EE-D296-4E13-8AF1-9D2B5B8CE146}.Debug|Any CPU.ActiveCfg = Debug|Any CPU
		{44B126EE-D296-4E13-8AF1-9D2B5B8CE146}.Debug|Any CPU.Build.0 = Debug|Any CPU
		{44B126EE-D296-4E13-8AF1-9D2B5B8CE146}.Release|Any CPU.ActiveCfg = Release|Any CPU
		{44B126EE-D296-4E13-8AF1-9D2B5B8CE146}.Release|Any CPU.Build.0 = Release|Any CPU
	EndGlobalSection
	GlobalSection(SolutionProperties) = preSolution
		HideSolutionNode = FALSE
	EndGlobalSection
	GlobalSection(ExtensibilityGlobals) = postSolution
		SolutionGuid = {4BCD9529-7EE8-483B-AF49-ABC0079D657F}
	EndGlobalSection
EndGlobal
